
Microsoft Visual Studio Solution File, Format Version 12.00
# Visual Studio 2012
Project("{8BC9CEB8-8B4A-11D0-8D11-00A0C91BC942}") = "UDE_Outlook", "UDE_Outlook\UDE_Outlook.vcxproj", "{6D61B8D8-8B6A-43BA-A5C3-138AFB128AC2}"
	ProjectSection(ProjectDependencies) = postProject
		{0E73842E-3233-4075-94AB-46FA327E200D} = {0E73842E-3233-4075-94AB-46FA327E200D}
		{DD67186D-6A8C-4CC2-AF7B-377EE931BDC2} = {DD67186D-6A8C-4CC2-AF7B-377EE931BDC2}
		{7DEF5E6D-B856-4837-AE93-81806307BDF9} = {7DEF5E6D-B856-4837-AE93-81806307BDF9}
		{6585B97F-39C7-4697-BB1C-E8733D8C0C40} = {6585B97F-39C7-4697-BB1C-E8733D8C0C40}
		{EE1B51E3-0539-4647-AA04-399701BE59D2} = {EE1B51E3-0539-4647-AA04-399701BE59D2}
		{764D63E6-E777-4CC0-A4BD-085763E913FF} = {764D63E6-E777-4CC0-A4BD-085763E913FF}
		{981036F3-C50A-449E-85C3-65031D247A84} = {981036F3-C50A-449E-85C3-65031D247A84}
		{192B5CFC-482A-484A-BE49-513B878B4007} = {192B5CFC-482A-484A-BE49-513B878B4007}
	EndProjectSection
EndProject
Project("{8BC9CEB8-8B4A-11D0-8D11-00A0C91BC942}") = "HardwareInfoDll", "HardwareInfoDll\HardwareInfoDll.vcxproj", "{6585B97F-39C7-4697-BB1C-E8733D8C0C40}"
EndProject
Project("{8BC9CEB8-8B4A-11D0-8D11-00A0C91BC942}") = "SerialPortDll", "SerialPortDll\SerialPortDll.vcxproj", "{DD67186D-6A8C-4CC2-AF7B-377EE931BDC2}"
	ProjectSection(ProjectDependencies) = postProject
		{B39ABBF3-0A95-46C4-83FB-8407AFDF2417} = {B39ABBF3-0A95-46C4-83FB-8407AFDF2417}
	EndProjectSection
EndProject
Project("{8BC9CEB8-8B4A-11D0-8D11-00A0C91BC942}") = "CRCDll", "CRCDll\CRCDll.vcxproj", "{7DEF5E6D-B856-4837-AE93-81806307BDF9}"
	ProjectSection(ProjectDependencies) = postProject
		{B39ABBF3-0A95-46C4-83FB-8407AFDF2417} = {B39ABBF3-0A95-46C4-83FB-8407AFDF2417}
	EndProjectSection
EndProject
Project("{8BC9CEB8-8B4A-11D0-8D11-00A0C91BC942}") = "ExcelDll", "ExcelDll\ExcelDll.vcxproj", "{981036F3-C50A-449E-85C3-65031D247A84}"
EndProject
Project("{8BC9CEB8-8B4A-11D0-8D11-00A0C91BC942}") = "RegisterDll", "RegisterDll\RegisterDll.vcxproj", "{EE1B51E3-0539-4647-AA04-399701BE59D2}"
	ProjectSection(ProjectDependencies) = postProject
		{B39ABBF3-0A95-46C4-83FB-8407AFDF2417} = {B39ABBF3-0A95-46C4-83FB-8407AFDF2417}
	EndProjectSection
EndProject
Project("{8BC9CEB8-8B4A-11D0-8D11-00A0C91BC942}") = "BlendWndDll", "BlendWndDll\BlendWndDll.vcxproj", "{B39ABBF3-0A95-46C4-83FB-8407AFDF2417}"
	ProjectSection(ProjectDependencies) = postProject
		{0E73842E-3233-4075-94AB-46FA327E200D} = {0E73842E-3233-4075-94AB-46FA327E200D}
		{192B5CFC-482A-484A-BE49-513B878B4007} = {192B5CFC-482A-484A-BE49-513B878B4007}
	EndProjectSection
EndProject
Project("{8BC9CEB8-8B4A-11D0-8D11-00A0C91BC942}") = "BlendFigureDll", "BlendFigureDll\BlendFigureDll.vcxproj", "{192B5CFC-482A-484A-BE49-513B878B4007}"
EndProject
Project("{8BC9CEB8-8B4A-11D0-8D11-00A0C91BC942}") = "BlActiveXDll", "BlActiveXDll\BlActiveXDll.vcxproj", "{0E73842E-3233-4075-94AB-46FA327E200D}"
EndProject
Project("{8BC9CEB8-8B4A-11D0-8D11-00A0C91BC942}") = "SoftwareInfoDll", "SoftwareInfoDll\SoftwareInfoDll.vcxproj", "{764D63E6-E777-4CC0-A4BD-085763E913FF}"
	ProjectSection(ProjectDependencies) = postProject
		{B39ABBF3-0A95-46C4-83FB-8407AFDF2417} = {B39ABBF3-0A95-46C4-83FB-8407AFDF2417}
	EndProjectSection
EndProject
Global
	GlobalSection(SolutionConfigurationPlatforms) = preSolution
		CD_ROM|Win32 = CD_ROM|Win32
		Debug|Win32 = Debug|Win32
		DVD-5|Win32 = DVD-5|Win32
		Release|Win32 = Release|Win32
		SingleImage|Win32 = SingleImage|Win32
	EndGlobalSection
	GlobalSection(ProjectConfigurationPlatforms) = postSolution
		{6D61B8D8-8B6A-43BA-A5C3-138AFB128AC2}.CD_ROM|Win32.ActiveCfg = Release|Win32
		{6D61B8D8-8B6A-43BA-A5C3-138AFB128AC2}.CD_ROM|Win32.Build.0 = Release|Win32
		{6D61B8D8-8B6A-43BA-A5C3-138AFB128AC2}.Debug|Win32.ActiveCfg = Debug|Win32
		{6D61B8D8-8B6A-43BA-A5C3-138AFB128AC2}.Debug|Win32.Build.0 = Debug|Win32
		{6D61B8D8-8B6A-43BA-A5C3-138AFB128AC2}.DVD-5|Win32.ActiveCfg = Debug|Win32
		{6D61B8D8-8B6A-43BA-A5C3-138AFB128AC2}.DVD-5|Win32.Build.0 = Debug|Win32
		{6D61B8D8-8B6A-43BA-A5C3-138AFB128AC2}.Release|Win32.ActiveCfg = Release|Win32
		{6D61B8D8-8B6A-43BA-A5C3-138AFB128AC2}.Release|Win32.Build.0 = Release|Win32
		{6D61B8D8-8B6A-43BA-A5C3-138AFB128AC2}.SingleImage|Win32.ActiveCfg = Release|Win32
		{6D61B8D8-8B6A-43BA-A5C3-138AFB128AC2}.SingleImage|Win32.Build.0 = Release|Win32
		{6585B97F-39C7-4697-BB1C-E8733D8C0C40}.CD_ROM|Win32.ActiveCfg = Release|Win32
		{6585B97F-39C7-4697-BB1C-E8733D8C0C40}.CD_ROM|Win32.Build.0 = Release|Win32
		{6585B97F-39C7-4697-BB1C-E8733D8C0C40}.Debug|Win32.ActiveCfg = Debug|Win32
		{6585B97F-39C7-4697-BB1C-E8733D8C0C40}.Debug|Win32.Build.0 = Debug|Win32
		{6585B97F-39C7-4697-BB1C-E8733D8C0C40}.DVD-5|Win32.ActiveCfg = Debug|Win32
		{6585B97F-39C7-4697-BB1C-E8733D8C0C40}.DVD-5|Win32.Build.0 = Debug|Win32
		{6585B97F-39C7-4697-BB1C-E8733D8C0C40}.Release|Win32.ActiveCfg = Release|Win32
		{6585B97F-39C7-4697-BB1C-E8733D8C0C40}.Release|Win32.Build.0 = Release|Win32
		{6585B97F-39C7-4697-BB1C-E8733D8C0C40}.SingleImage|Win32.ActiveCfg = Release|Win32
		{6585B97F-39C7-4697-BB1C-E8733D8C0C40}.SingleImage|Win32.Build.0 = Release|Win32
		{DD67186D-6A8C-4CC2-AF7B-377EE931BDC2}.CD_ROM|Win32.ActiveCfg = Release|Win32
		{DD67186D-6A8C-4CC2-AF7B-377EE931BDC2}.CD_ROM|Win32.Build.0 = Release|Win32
		{DD67186D-6A8C-4CC2-AF7B-377EE931BDC2}.Debug|Win32.ActiveCfg = Debug|Win32
		{DD67186D-6A8C-4CC2-AF7B-377EE931BDC2}.Debug|Win32.Build.0 = Debug|Win32
		{DD67186D-6A8C-4CC2-AF7B-377EE931BDC2}.DVD-5|Win32.ActiveCfg = Debug|Win32
		{DD67186D-6A8C-4CC2-AF7B-377EE931BDC2}.DVD-5|Win32.Build.0 = Debug|Win32
		{DD67186D-6A8C-4CC2-AF7B-377EE931BDC2}.Release|Win32.ActiveCfg = Release|Win32
		{DD67186D-6A8C-4CC2-AF7B-377EE931BDC2}.Release|Win32.Build.0 = Release|Win32
		{DD67186D-6A8C-4CC2-AF7B-377EE931BDC2}.SingleImage|Win32.ActiveCfg = Release|Win32
		{DD67186D-6A8C-4CC2-AF7B-377EE931BDC2}.SingleImage|Win32.Build.0 = Release|Win32
		{7DEF5E6D-B856-4837-AE93-81806307BDF9}.CD_ROM|Win32.ActiveCfg = Release|Win32
		{7DEF5E6D-B856-4837-AE93-81806307BDF9}.CD_ROM|Win32.Build.0 = Release|Win32
		{7DEF5E6D-B856-4837-AE93-81806307BDF9}.Debug|Win32.ActiveCfg = Debug|Win32
		{7DEF5E6D-B856-4837-AE93-81806307BDF9}.Debug|Win32.Build.0 = Debug|Win32
		{7DEF5E6D-B856-4837-AE93-81806307BDF9}.DVD-5|Win32.ActiveCfg = Debug|Win32
		{7DEF5E6D-B856-4837-AE93-81806307BDF9}.DVD-5|Win32.Build.0 = Debug|Win32
		{7DEF5E6D-B856-4837-AE93-81806307BDF9}.Release|Win32.ActiveCfg = Release|Win32
		{7DEF5E6D-B856-4837-AE93-81806307BDF9}.Release|Win32.Build.0 = Release|Win32
		{7DEF5E6D-B856-4837-AE93-81806307BDF9}.SingleImage|Win32.ActiveCfg = Release|Win32
		{7DEF5E6D-B856-4837-AE93-81806307BDF9}.SingleImage|Win32.Build.0 = Release|Win32
		{981036F3-C50A-449E-85C3-65031D247A84}.CD_ROM|Win32.ActiveCfg = Release|Win32
		{981036F3-C50A-449E-85C3-65031D247A84}.CD_ROM|Win32.Build.0 = Release|Win32
		{981036F3-C50A-449E-85C3-65031D247A84}.Debug|Win32.ActiveCfg = Debug|Win32
		{981036F3-C50A-449E-85C3-65031D247A84}.Debug|Win32.Build.0 = Debug|Win32
		{981036F3-C50A-449E-85C3-65031D247A84}.DVD-5|Win32.ActiveCfg = Debug|Win32
		{981036F3-C50A-449E-85C3-65031D247A84}.DVD-5|Win32.Build.0 = Debug|Win32
		{981036F3-C50A-449E-85C3-65031D247A84}.Release|Win32.ActiveCfg = Release|Win32
		{981036F3-C50A-449E-85C3-65031D247A84}.Release|Win32.Build.0 = Release|Win32
		{981036F3-C50A-449E-85C3-65031D247A84}.SingleImage|Win32.ActiveCfg = Release|Win32
		{981036F3-C50A-449E-85C3-65031D247A84}.SingleImage|Win32.Build.0 = Release|Win32
		{EE1B51E3-0539-4647-AA04-399701BE59D2}.CD_ROM|Win32.ActiveCfg = Release|Win32
		{EE1B51E3-0539-4647-AA04-399701BE59D2}.CD_ROM|Win32.Build.0 = Release|Win32
		{EE1B51E3-0539-4647-AA04-399701BE59D2}.Debug|Win32.ActiveCfg = Debug|Win32
		{EE1B51E3-0539-4647-AA04-399701BE59D2}.Debug|Win32.Build.0 = Debug|Win32
		{EE1B51E3-0539-4647-AA04-399701BE59D2}.DVD-5|Win32.ActiveCfg = Debug|Win32
		{EE1B51E3-0539-4647-AA04-399701BE59D2}.DVD-5|Win32.Build.0 = Debug|Win32
		{EE1B51E3-0539-4647-AA04-399701BE59D2}.Release|Win32.ActiveCfg = Release|Win32
		{EE1B51E3-0539-4647-AA04-399701BE59D2}.Release|Win32.Build.0 = Release|Win32
		{EE1B51E3-0539-4647-AA04-399701BE59D2}.SingleImage|Win32.ActiveCfg = Release|Win32
		{EE1B51E3-0539-4647-AA04-399701BE59D2}.SingleImage|Win32.Build.0 = Release|Win32
		{B39ABBF3-0A95-46C4-83FB-8407AFDF2417}.CD_ROM|Win32.ActiveCfg = Release|Win32
		{B39ABBF3-0A95-46C4-83FB-8407AFDF2417}.CD_ROM|Win32.Build.0 = Release|Win32
		{B39ABBF3-0A95-46C4-83FB-8407AFDF2417}.Debug|Win32.ActiveCfg = Debug|Win32
		{B39ABBF3-0A95-46C4-83FB-8407AFDF2417}.Debug|Win32.Build.0 = Debug|Win32
		{B39ABBF3-0A95-46C4-83FB-8407AFDF2417}.DVD-5|Win32.ActiveCfg = Debug|Win32
		{B39ABBF3-0A95-46C4-83FB-8407AFDF2417}.DVD-5|Win32.Build.0 = Debug|Win32
		{B39ABBF3-0A95-46C4-83FB-8407AFDF2417}.Release|Win32.ActiveCfg = Release|Win32
		{B39ABBF3-0A95-46C4-83FB-8407AFDF2417}.Release|Win32.Build.0 = Release|Win32
		{B39ABBF3-0A95-46C4-83FB-8407AFDF2417}.SingleImage|Win32.ActiveCfg = Release|Win32
		{B39ABBF3-0A95-46C4-83FB-8407AFDF2417}.SingleImage|Win32.Build.0 = Release|Win32
		{192B5CFC-482A-484A-BE49-513B878B4007}.CD_ROM|Win32.ActiveCfg = Release|Win32
		{192B5CFC-482A-484A-BE49-513B878B4007}.CD_ROM|Win32.Build.0 = Release|Win32
		{192B5CFC-482A-484A-BE49-513B878B4007}.Debug|Win32.ActiveCfg = Debug|Win32
		{192B5CFC-482A-484A-BE49-513B878B4007}.Debug|Win32.Build.0 = Debug|Win32
		{192B5CFC-482A-484A-BE49-513B878B4007}.DVD-5|Win32.ActiveCfg = Debug|Win32
		{192B5CFC-482A-484A-BE49-513B878B4007}.DVD-5|Win32.Build.0 = Debug|Win32
		{192B5CFC-482A-484A-BE49-513B878B4007}.Release|Win32.ActiveCfg = Release|Win32
		{192B5CFC-482A-484A-BE49-513B878B4007}.Release|Win32.Build.0 = Release|Win32
		{192B5CFC-482A-484A-BE49-513B878B4007}.SingleImage|Win32.ActiveCfg = Release|Win32
		{192B5CFC-482A-484A-BE49-513B878B4007}.SingleImage|Win32.Build.0 = Release|Win32
		{0E73842E-3233-4075-94AB-46FA327E200D}.CD_ROM|Win32.ActiveCfg = Release|Win32
		{0E73842E-3233-4075-94AB-46FA327E200D}.CD_ROM|Win32.Build.0 = Release|Win32
		{0E73842E-3233-4075-94AB-46FA327E200D}.Debug|Win32.ActiveCfg = Debug|Win32
		{0E73842E-3233-4075-94AB-46FA327E200D}.Debug|Win32.Build.0 = Debug|Win32
		{0E73842E-3233-4075-94AB-46FA327E200D}.DVD-5|Win32.ActiveCfg = Debug|Win32
		{0E73842E-3233-4075-94AB-46FA327E200D}.DVD-5|Win32.Build.0 = Debug|Win32
		{0E73842E-3233-4075-94AB-46FA327E200D}.Release|Win32.ActiveCfg = Release|Win32
		{0E73842E-3233-4075-94AB-46FA327E200D}.Release|Win32.Build.0 = Release|Win32
		{0E73842E-3233-4075-94AB-46FA327E200D}.SingleImage|Win32.ActiveCfg = Release|Win32
		{0E73842E-3233-4075-94AB-46FA327E200D}.SingleImage|Win32.Build.0 = Release|Win32
		{764D63E6-E777-4CC0-A4BD-085763E913FF}.CD_ROM|Win32.ActiveCfg = Release|Win32
		{764D63E6-E777-4CC0-A4BD-085763E913FF}.CD_ROM|Win32.Build.0 = Release|Win32
		{764D63E6-E777-4CC0-A4BD-085763E913FF}.Debug|Win32.ActiveCfg = Debug|Win32
		{764D63E6-E777-4CC0-A4BD-085763E913FF}.Debug|Win32.Build.0 = Debug|Win32
		{764D63E6-E777-4CC0-A4BD-085763E913FF}.DVD-5|Win32.ActiveCfg = Debug|Win32
		{764D63E6-E777-4CC0-A4BD-085763E913FF}.DVD-5|Win32.Build.0 = Debug|Win32
		{764D63E6-E777-4CC0-A4BD-085763E913FF}.Release|Win32.ActiveCfg = Release|Win32
		{764D63E6-E777-4CC0-A4BD-085763E913FF}.Release|Win32.Build.0 = Release|Win32
		{764D63E6-E777-4CC0-A4BD-085763E913FF}.SingleImage|Win32.ActiveCfg = Release|Win32
		{764D63E6-E777-4CC0-A4BD-085763E913FF}.SingleImage|Win32.Build.0 = Release|Win32
	EndGlobalSection
	GlobalSection(SolutionProperties) = preSolution
		HideSolutionNode = FALSE
	EndGlobalSection
EndGlobal
